PODS:
  - AFNetworking (2.2.1):
    - AFNetworking/NSURLConnection
    - AFNetworking/NSURLSession
    - AFNetworking/Reachability
    - AFNetworking/Security
    - AFNetworking/Serialization
    - AFNetworking/UIKit
  - AFNetworking/NSURLConnection (2.2.1):
    - AFNetworking/Reachability
    - AFNetworking/Security
    - AFNetworking/Serialization
  - AFNetworking/NSURLSession (2.2.1):
    - AFNetworking/NSURLConnection
  - AFNetworking/Reachability (2.2.1)
  - AFNetworking/Security (2.2.1)
  - AFNetworking/Serialization (2.2.1)
  - AFNetworking/UIKit (2.2.1):
    - AFNetworking/NSURLConnection
    - AFNetworking/NSURLSession
  - JSONKit (1.5pre)
  - Masonry (0.4.0)

DEPENDENCIES:
  - AFNetworking (~> 2.2.0)
  - JSONKit (~> 1.5pre)
  - Masonry (~> 0.4.0)

SPEC CHECKSUMS:
  AFNetworking: 0121f4b69be3fa58d1ab317866e036e12ac9651d
  JSONKit: 409734ab3407fce90ef7eaa95d7168f38d9a6601
  Masonry: d673617c9cbc24aaea90fba20b10e47fd9970a39

COCOAPODS: 0.29.0
